
Microsoft Visual Studio Solution File, Format Version 12.00
# Visual Studio 2013
VisualStudioVersion = 12.0.31101.0
MinimumVisualStudioVersion = 10.0.40219.1
Project("{FAE04EC0-301F-11D3-BF4B-00C04F79EFBC}") = "Yodii.Model", "Yodii.Model\Yodii.Model.csproj", "{DB68716F-9883-433A-928D-AA597D377C9C}"
EndProject
Project("{FAE04EC0-301F-11D3-BF4B-00C04F79EFBC}") = "Yodii.Engine", "Yodii.Engine\Yodii.Engine.csproj", "{A11642D8-CDA7-4044-AD8A-03ED61A71BC3}"
EndProject
Project("{FAE04EC0-301F-11D3-BF4B-00C04F79EFBC}") = "Yodii.Engine.Tests", "Tests\Yodii.Engine.Tests\Yodii.Engine.Tests.csproj", "{8EEDD760-5EB7-4A13-9561-4DD0302B6CEA}"
EndProject
Project("{2150E333-8FDC-42A3-9474-1A3956D46DE8}") = ".nuget", ".nuget", "{C0E678B2-45EA-423D-9EC6-10DCBC390085}"
	ProjectSection(SolutionItems) = preProject
		.nuget\packages.config = .nuget\packages.config
	EndProjectSection
EndProject
Project("{FAE04EC0-301F-11D3-BF4B-00C04F79EFBC}") = "Yodii.Lab", "Yodii.Lab\Yodii.Lab.csproj", "{8B15F02B-A67E-4D2D-A068-6F1A00A2813B}"
EndProject
Project("{FAE04EC0-301F-11D3-BF4B-00C04F79EFBC}") = "Yodii.Lab.Tests", "Tests\Yodii.Lab.Tests\Yodii.Lab.Tests.csproj", "{36DFB4AA-4478-47F7-B30E-AF89CA20D3F7}"
EndProject
Project("{FAE04EC0-301F-11D3-BF4B-00C04F79EFBC}") = "Yodii.Discoverer", "Yodii.Discoverer\Yodii.Discoverer.csproj", "{38EFBE67-F0C8-4896-A7D0-606F663AA931}"
EndProject
Project("{FAE04EC0-301F-11D3-BF4B-00C04F79EFBC}") = "Yodii.Discoverer.Tests", "Tests\Yodii.Discoverer.Tests\Yodii.Discoverer.Tests.csproj", "{0087ED95-38B2-4EE1-A64A-77AF09CA13DE}"
EndProject
Project("{FAE04EC0-301F-11D3-BF4B-00C04F79EFBC}") = "Yodii.Host", "Yodii.Host\Yodii.Host.csproj", "{C9FCBF26-371B-48C2-AA78-06292EE30B9D}"
EndProject
Project("{FAE04EC0-301F-11D3-BF4B-00C04F79EFBC}") = "Yodii.Host.Tests", "Tests\Yodii.Host.Tests\Yodii.Host.Tests.csproj", "{ECEB91C0-D028-4B19-8721-2E1B4469267F}"
EndProject
Project("{2150E333-8FDC-42A3-9474-1A3956D46DE8}") = "ObjectExplorer", "ObjectExplorer", "{965EFEDB-CC98-4644-ADD6-9EBB5F072CEB}"
EndProject
Project("{FAE04EC0-301F-11D3-BF4B-00C04F79EFBC}") = "Yodii.ObjectExplorer.Wpf", "ObjectExplorer\Yodii.ObjectExplorer.Wpf\Yodii.ObjectExplorer.Wpf.csproj", "{3F156BFA-610E-4061-BC31-25178B14D499}"
EndProject
Project("{FAE04EC0-301F-11D3-BF4B-00C04F79EFBC}") = "Yodii.ObjectExplorer.WpfHostDemo", "ObjectExplorer\Yodii.ObjectExplorer.WpfHostDemo\Yodii.ObjectExplorer.WpfHostDemo.csproj", "{063F10F2-55BB-40AA-91BA-7D967EAF6795}"
EndProject
Project("{2150E333-8FDC-42A3-9474-1A3956D46DE8}") = "Tests", "Tests", "{ADEFD822-62DB-4057-8571-B28BAB1F0F92}"
EndProject
Project("{2150E333-8FDC-42A3-9474-1A3956D46DE8}") = "Solution Items", "Solution Items", "{3C6326E0-68FE-4784-AA84-F89066B53175}"
	ProjectSection(SolutionItems) = preProject
		licenseFileHeader.txt = licenseFileHeader.txt
		README.md = README.md
		SharedAssemblyInfo.cs = SharedAssemblyInfo.cs
		SharedKey.snk = SharedKey.snk
		Solution.ck = Solution.ck
	EndProjectSection
EndProject
Project("{2150E333-8FDC-42A3-9474-1A3956D46DE8}") = "Doc", "Doc", "{F82B369D-0D5B-40CB-A0A4-E09E196DECA6}"
	ProjectSection(SolutionItems) = preProject
		Doc\1 - Programmatic Model.png = Doc\1 - Programmatic Model.png
		Doc\2 - Discoverer Model.png = Doc\2 - Discoverer Model.png
		Doc\3 - Configuration Model.png = Doc\3 - Configuration Model.png
		Doc\4 - Engine Model.png = Doc\4 - Engine Model.png
	EndProjectSection
EndProject
Project("{FAE04EC0-301F-11D3-BF4B-00C04F79EFBC}") = "Yodii.Wpf", "Yodii.Wpf\Yodii.Wpf.csproj", "{4FD02115-851C-400E-B9C8-486C38C65E1C}"
EndProject
Project("{FAE04EC0-301F-11D3-BF4B-00C04F79EFBC}") = "Yodii.Wpf.Tests", "Tests\Yodii.Wpf.Tests\Yodii.Wpf.Tests.csproj", "{C4A7EF2D-3026-4B1E-BC8B-E08783A18341}"
EndProject
Project("{2150E333-8FDC-42A3-9474-1A3956D46DE8}") = "Nuspecs", "Nuspecs", "{069CF373-3550-43E9-A1F6-591211517A34}"
	ProjectSection(SolutionItems) = preProject
		Nuspecs\Yodii.Core.nuspec = Nuspecs\Yodii.Core.nuspec
		Nuspecs\Yodii.nuspec = Nuspecs\Yodii.nuspec
		Nuspecs\Yodii.Wpf.nuspec = Nuspecs\Yodii.Wpf.nuspec
	EndProjectSection
EndProject
Global
	GlobalSection(SolutionConfigurationPlatforms) = preSolution
		Debug|Any CPU = Debug|Any CPU
		net_2_0_Debug|Any CPU = net_2_0_Debug|Any CPU
		net_2_0_Release|Any CPU = net_2_0_Release|Any CPU
		net_3_5_Debug|Any CPU = net_3_5_Debug|Any CPU
		net_3_5_Release|Any CPU = net_3_5_Release|Any CPU
		net_4_0_Debug|Any CPU = net_4_0_Debug|Any CPU
		net_4_0_Release|Any CPU = net_4_0_Release|Any CPU
		Release|Any CPU = Release|Any CPU
		silverlight_Debug|Any CPU = silverlight_Debug|Any CPU
		silverlight_Release|Any CPU = silverlight_Release|Any CPU
		winphone_Debug|Any CPU = winphone_Debug|Any CPU
		winphone_Release|Any CPU = winphone_Release|Any CPU
	EndGlobalSection
	GlobalSection(ProjectConfigurationPlatforms) = postSolution
		{DB68716F-9883-433A-928D-AA597D377C9C}.Debug|Any CPU.ActiveCfg = Debug|Any CPU
		{DB68716F-9883-433A-928D-AA597D377C9C}.Debug|Any CPU.Build.0 = Debug|Any CPU
		{DB68716F-9883-433A-928D-AA597D377C9C}.net_2_0_Debug|Any CPU.ActiveCfg = Debug|Any CPU
		{DB68716F-9883-433A-928D-AA597D377C9C}.net_2_0_Debug|Any CPU.Build.0 = Debug|Any CPU
		{DB68716F-9883-433A-928D-AA597D377C9C}.net_2_0_Release|Any CPU.ActiveCfg = Release|Any CPU
		{DB68716F-9883-433A-928D-AA597D377C9C}.net_2_0_Release|Any CPU.Build.0 = Release|Any CPU
		{DB68716F-9883-433A-928D-AA597D377C9C}.net_3_5_Debug|Any CPU.ActiveCfg = Debug|Any CPU
		{DB68716F-9883-433A-928D-AA597D377C9C}.net_3_5_Debug|Any CPU.Build.0 = Debug|Any CPU
		{DB68716F-9883-433A-928D-AA597D377C9C}.net_3_5_Release|Any CPU.ActiveCfg = Release|Any CPU
		{DB68716F-9883-433A-928D-AA597D377C9C}.net_3_5_Release|Any CPU.Build.0 = Release|Any CPU
		{DB68716F-9883-433A-928D-AA597D377C9C}.net_4_0_Debug|Any CPU.ActiveCfg = Debug|Any CPU
		{DB68716F-9883-433A-928D-AA597D377C9C}.net_4_0_Debug|Any CPU.Build.0 = Debug|Any CPU
		{DB68716F-9883-433A-928D-AA597D377C9C}.net_4_0_Release|Any CPU.ActiveCfg = Release|Any CPU
		{DB68716F-9883-433A-928D-AA597D377C9C}.net_4_0_Release|Any CPU.Build.0 = Release|Any CPU
		{DB68716F-9883-433A-928D-AA597D377C9C}.Release|Any CPU.ActiveCfg = Release|Any CPU
		{DB68716F-9883-433A-928D-AA597D377C9C}.Release|Any CPU.Build.0 = Release|Any CPU
		{DB68716F-9883-433A-928D-AA597D377C9C}.silverlight_Debug|Any CPU.ActiveCfg = Debug|Any CPU
		{DB68716F-9883-433A-928D-AA597D377C9C}.silverlight_Debug|Any CPU.Build.0 = Debug|Any CPU
		{DB68716F-9883-433A-928D-AA597D377C9C}.silverlight_Release|Any CPU.ActiveCfg = Release|Any CPU
		{DB68716F-9883-433A-928D-AA597D377C9C}.silverlight_Release|Any CPU.Build.0 = Release|Any CPU
		{DB68716F-9883-433A-928D-AA597D377C9C}.winphone_Debug|Any CPU.ActiveCfg = Debug|Any CPU
		{DB68716F-9883-433A-928D-AA597D377C9C}.winphone_Debug|Any CPU.Build.0 = Debug|Any CPU
		{DB68716F-9883-433A-928D-AA597D377C9C}.winphone_Release|Any CPU.ActiveCfg = Release|Any CPU
		{DB68716F-9883-433A-928D-AA597D377C9C}.winphone_Release|Any CPU.Build.0 = Release|Any CPU
		{A11642D8-CDA7-4044-AD8A-03ED61A71BC3}.Debug|Any CPU.ActiveCfg = Debug|Any CPU
		{A11642D8-CDA7-4044-AD8A-03ED61A71BC3}.Debug|Any CPU.Build.0 = Debug|Any CPU
		{A11642D8-CDA7-4044-AD8A-03ED61A71BC3}.net_2_0_Debug|Any CPU.ActiveCfg = Debug|Any CPU
		{A11642D8-CDA7-4044-AD8A-03ED61A71BC3}.net_2_0_Debug|Any CPU.Build.0 = Debug|Any CPU
		{A11642D8-CDA7-4044-AD8A-03ED61A71BC3}.net_2_0_Release|Any CPU.ActiveCfg = Release|Any CPU
		{A11642D8-CDA7-4044-AD8A-03ED61A71BC3}.net_2_0_Release|Any CPU.Build.0 = Release|Any CPU
		{A11642D8-CDA7-4044-AD8A-03ED61A71BC3}.net_3_5_Debug|Any CPU.ActiveCfg = Debug|Any CPU
		{A11642D8-CDA7-4044-AD8A-03ED61A71BC3}.net_3_5_Debug|Any CPU.Build.0 = Debug|Any CPU
		{A11642D8-CDA7-4044-AD8A-03ED61A71BC3}.net_3_5_Release|Any CPU.ActiveCfg = Release|Any CPU
		{A11642D8-CDA7-4044-AD8A-03ED61A71BC3}.net_3_5_Release|Any CPU.Build.0 = Release|Any CPU
		{A11642D8-CDA7-4044-AD8A-03ED61A71BC3}.net_4_0_Debug|Any CPU.ActiveCfg = Debug|Any CPU
		{A11642D8-CDA7-4044-AD8A-03ED61A71BC3}.net_4_0_Debug|Any CPU.Build.0 = Debug|Any CPU
		{A11642D8-CDA7-4044-AD8A-03ED61A71BC3}.net_4_0_Release|Any CPU.ActiveCfg = Release|Any CPU
		{A11642D8-CDA7-4044-AD8A-03ED61A71BC3}.net_4_0_Release|Any CPU.Build.0 = Release|Any CPU
		{A11642D8-CDA7-4044-AD8A-03ED61A71BC3}.Release|Any CPU.ActiveCfg = Release|Any CPU
		{A11642D8-CDA7-4044-AD8A-03ED61A71BC3}.Release|Any CPU.Build.0 = Release|Any CPU
		{A11642D8-CDA7-4044-AD8A-03ED61A71BC3}.silverlight_Debug|Any CPU.ActiveCfg = Debug|Any CPU
		{A11642D8-CDA7-4044-AD8A-03ED61A71BC3}.silverlight_Debug|Any CPU.Build.0 = Debug|Any CPU
		{A11642D8-CDA7-4044-AD8A-03ED61A71BC3}.silverlight_Release|Any CPU.ActiveCfg = Release|Any CPU
		{A11642D8-CDA7-4044-AD8A-03ED61A71BC3}.silverlight_Release|Any CPU.Build.0 = Release|Any CPU
		{A11642D8-CDA7-4044-AD8A-03ED61A71BC3}.winphone_Debug|Any CPU.ActiveCfg = Debug|Any CPU
		{A11642D8-CDA7-4044-AD8A-03ED61A71BC3}.winphone_Debug|Any CPU.Build.0 = Debug|Any CPU
		{A11642D8-CDA7-4044-AD8A-03ED61A71BC3}.winphone_Release|Any CPU.ActiveCfg = Release|Any CPU
		{A11642D8-CDA7-4044-AD8A-03ED61A71BC3}.winphone_Release|Any CPU.Build.0 = Release|Any CPU
		{8EEDD760-5EB7-4A13-9561-4DD0302B6CEA}.Debug|Any CPU.ActiveCfg = Debug|Any CPU
		{8EEDD760-5EB7-4A13-9561-4DD0302B6CEA}.Debug|Any CPU.Build.0 = Debug|Any CPU
		{8EEDD760-5EB7-4A13-9561-4DD0302B6CEA}.net_2_0_Debug|Any CPU.ActiveCfg = Debug|Any CPU
		{8EEDD760-5EB7-4A13-9561-4DD0302B6CEA}.net_2_0_Debug|Any CPU.Build.0 = Debug|Any CPU
		{8EEDD760-5EB7-4A13-9561-4DD0302B6CEA}.net_2_0_Release|Any CPU.ActiveCfg = Release|Any CPU
		{8EEDD760-5EB7-4A13-9561-4DD0302B6CEA}.net_2_0_Release|Any CPU.Build.0 = Release|Any CPU
		{8EEDD760-5EB7-4A13-9561-4DD0302B6CEA}.net_3_5_Debug|Any CPU.ActiveCfg = Debug|Any CPU
		{8EEDD760-5EB7-4A13-9561-4DD0302B6CEA}.net_3_5_Debug|Any CPU.Build.0 = Debug|Any CPU
		{8EEDD760-5EB7-4A13-9561-4DD0302B6CEA}.net_3_5_Release|Any CPU.ActiveCfg = Release|Any CPU
		{8EEDD760-5EB7-4A13-9561-4DD0302B6CEA}.net_3_5_Release|Any CPU.Build.0 = Release|Any CPU
		{8EEDD760-5EB7-4A13-9561-4DD0302B6CEA}.net_4_0_Debug|Any CPU.ActiveCfg = Debug|Any CPU
		{8EEDD760-5EB7-4A13-9561-4DD0302B6CEA}.net_4_0_Debug|Any CPU.Build.0 = Debug|Any CPU
		{8EEDD760-5EB7-4A13-9561-4DD0302B6CEA}.net_4_0_Release|Any CPU.ActiveCfg = Release|Any CPU
		{8EEDD760-5EB7-4A13-9561-4DD0302B6CEA}.net_4_0_Release|Any CPU.Build.0 = Release|Any CPU
		{8EEDD760-5EB7-4A13-9561-4DD0302B6CEA}.Release|Any CPU.ActiveCfg = Release|Any CPU
		{8EEDD760-5EB7-4A13-9561-4DD0302B6CEA}.Release|Any CPU.Build.0 = Release|Any CPU
		{8EEDD760-5EB7-4A13-9561-4DD0302B6CEA}.silverlight_Debug|Any CPU.ActiveCfg = Debug|Any CPU
		{8EEDD760-5EB7-4A13-9561-4DD0302B6CEA}.silverlight_Debug|Any CPU.Build.0 = Debug|Any CPU
		{8EEDD760-5EB7-4A13-9561-4DD0302B6CEA}.silverlight_Release|Any CPU.ActiveCfg = Release|Any CPU
		{8EEDD760-5EB7-4A13-9561-4DD0302B6CEA}.silverlight_Release|Any CPU.Build.0 = Release|Any CPU
		{8EEDD760-5EB7-4A13-9561-4DD0302B6CEA}.winphone_Debug|Any CPU.ActiveCfg = Debug|Any CPU
		{8EEDD760-5EB7-4A13-9561-4DD0302B6CEA}.winphone_Debug|Any CPU.Build.0 = Debug|Any CPU
		{8EEDD760-5EB7-4A13-9561-4DD0302B6CEA}.winphone_Release|Any CPU.ActiveCfg = Release|Any CPU
		{8EEDD760-5EB7-4A13-9561-4DD0302B6CEA}.winphone_Release|Any CPU.Build.0 = Release|Any CPU
		{8B15F02B-A67E-4D2D-A068-6F1A00A2813B}.Debug|Any CPU.ActiveCfg = Debug|Any CPU
		{8B15F02B-A67E-4D2D-A068-6F1A00A2813B}.Debug|Any CPU.Build.0 = Debug|Any CPU
		{8B15F02B-A67E-4D2D-A068-6F1A00A2813B}.net_2_0_Debug|Any CPU.ActiveCfg = Debug|Any CPU
		{8B15F02B-A67E-4D2D-A068-6F1A00A2813B}.net_2_0_Debug|Any CPU.Build.0 = Debug|Any CPU
		{8B15F02B-A67E-4D2D-A068-6F1A00A2813B}.net_2_0_Release|Any CPU.ActiveCfg = Release|Any CPU
		{8B15F02B-A67E-4D2D-A068-6F1A00A2813B}.net_2_0_Release|Any CPU.Build.0 = Release|Any CPU
		{8B15F02B-A67E-4D2D-A068-6F1A00A2813B}.net_3_5_Debug|Any CPU.ActiveCfg = Debug|Any CPU
		{8B15F02B-A67E-4D2D-A068-6F1A00A2813B}.net_3_5_Debug|Any CPU.Build.0 = Debug|Any CPU
		{8B15F02B-A67E-4D2D-A068-6F1A00A2813B}.net_3_5_Release|Any CPU.ActiveCfg = Release|Any CPU
		{8B15F02B-A67E-4D2D-A068-6F1A00A2813B}.net_3_5_Release|Any CPU.Build.0 = Release|Any CPU
		{8B15F02B-A67E-4D2D-A068-6F1A00A2813B}.net_4_0_Debug|Any CPU.ActiveCfg = Debug|Any CPU
		{8B15F02B-A67E-4D2D-A068-6F1A00A2813B}.net_4_0_Debug|Any CPU.Build.0 = Debug|Any CPU
		{8B15F02B-A67E-4D2D-A068-6F1A00A2813B}.net_4_0_Release|Any CPU.ActiveCfg = Release|Any CPU
		{8B15F02B-A67E-4D2D-A068-6F1A00A2813B}.net_4_0_Release|Any CPU.Build.0 = Release|Any CPU
		{8B15F02B-A67E-4D2D-A068-6F1A00A2813B}.Release|Any CPU.ActiveCfg = Release|Any CPU
		{8B15F02B-A67E-4D2D-A068-6F1A00A2813B}.Release|Any CPU.Build.0 = Release|Any CPU
		{8B15F02B-A67E-4D2D-A068-6F1A00A2813B}.silverlight_Debug|Any CPU.ActiveCfg = Debug|Any CPU
		{8B15F02B-A67E-4D2D-A068-6F1A00A2813B}.silverlight_Debug|Any CPU.Build.0 = Debug|Any CPU
		{8B15F02B-A67E-4D2D-A068-6F1A00A2813B}.silverlight_Release|Any CPU.ActiveCfg = Release|Any CPU
		{8B15F02B-A67E-4D2D-A068-6F1A00A2813B}.silverlight_Release|Any CPU.Build.0 = Release|Any CPU
		{8B15F02B-A67E-4D2D-A068-6F1A00A2813B}.winphone_Debug|Any CPU.ActiveCfg = Debug|Any CPU
		{8B15F02B-A67E-4D2D-A068-6F1A00A2813B}.winphone_Debug|Any CPU.Build.0 = Debug|Any CPU
		{8B15F02B-A67E-4D2D-A068-6F1A00A2813B}.winphone_Release|Any CPU.ActiveCfg = Release|Any CPU
		{8B15F02B-A67E-4D2D-A068-6F1A00A2813B}.winphone_Release|Any CPU.Build.0 = Release|Any CPU
		{36DFB4AA-4478-47F7-B30E-AF89CA20D3F7}.Debug|Any CPU.ActiveCfg = Debug|Any CPU
		{36DFB4AA-4478-47F7-B30E-AF89CA20D3F7}.Debug|Any CPU.Build.0 = Debug|Any CPU
		{36DFB4AA-4478-47F7-B30E-AF89CA20D3F7}.net_2_0_Debug|Any CPU.ActiveCfg = Debug|Any CPU
		{36DFB4AA-4478-47F7-B30E-AF89CA20D3F7}.net_2_0_Debug|Any CPU.Build.0 = Debug|Any CPU
		{36DFB4AA-4478-47F7-B30E-AF89CA20D3F7}.net_2_0_Release|Any CPU.ActiveCfg = Release|Any CPU
		{36DFB4AA-4478-47F7-B30E-AF89CA20D3F7}.net_2_0_Release|Any CPU.Build.0 = Release|Any CPU
		{36DFB4AA-4478-47F7-B30E-AF89CA20D3F7}.net_3_5_Debug|Any CPU.ActiveCfg = Debug|Any CPU
		{36DFB4AA-4478-47F7-B30E-AF89CA20D3F7}.net_3_5_Debug|Any CPU.Build.0 = Debug|Any CPU
		{36DFB4AA-4478-47F7-B30E-AF89CA20D3F7}.net_3_5_Release|Any CPU.ActiveCfg = Release|Any CPU
		{36DFB4AA-4478-47F7-B30E-AF89CA20D3F7}.net_3_5_Release|Any CPU.Build.0 = Release|Any CPU
		{36DFB4AA-4478-47F7-B30E-AF89CA20D3F7}.net_4_0_Debug|Any CPU.ActiveCfg = Debug|Any CPU
		{36DFB4AA-4478-47F7-B30E-AF89CA20D3F7}.net_4_0_Debug|Any CPU.Build.0 = Debug|Any CPU
		{36DFB4AA-4478-47F7-B30E-AF89CA20D3F7}.net_4_0_Release|Any CPU.ActiveCfg = Release|Any CPU
		{36DFB4AA-4478-47F7-B30E-AF89CA20D3F7}.net_4_0_Release|Any CPU.Build.0 = Release|Any CPU
		{36DFB4AA-4478-47F7-B30E-AF89CA20D3F7}.Release|Any CPU.ActiveCfg = Release|Any CPU
		{36DFB4AA-4478-47F7-B30E-AF89CA20D3F7}.Release|Any CPU.Build.0 = Release|Any CPU
		{36DFB4AA-4478-47F7-B30E-AF89CA20D3F7}.silverlight_Debug|Any CPU.ActiveCfg = Debug|Any CPU
		{36DFB4AA-4478-47F7-B30E-AF89CA20D3F7}.silverlight_Debug|Any CPU.Build.0 = Debug|Any CPU
		{36DFB4AA-4478-47F7-B30E-AF89CA20D3F7}.silverlight_Release|Any CPU.ActiveCfg = Release|Any CPU
		{36DFB4AA-4478-47F7-B30E-AF89CA20D3F7}.silverlight_Release|Any CPU.Build.0 = Release|Any CPU
		{36DFB4AA-4478-47F7-B30E-AF89CA20D3F7}.winphone_Debug|Any CPU.ActiveCfg = Debug|Any CPU
		{36DFB4AA-4478-47F7-B30E-AF89CA20D3F7}.winphone_Debug|Any CPU.Build.0 = Debug|Any CPU
		{36DFB4AA-4478-47F7-B30E-AF89CA20D3F7}.winphone_Release|Any CPU.ActiveCfg = Release|Any CPU
		{36DFB4AA-4478-47F7-B30E-AF89CA20D3F7}.winphone_Release|Any CPU.Build.0 = Release|Any CPU
		{38EFBE67-F0C8-4896-A7D0-606F663AA931}.Debug|Any CPU.ActiveCfg = Debug|Any CPU
		{38EFBE67-F0C8-4896-A7D0-606F663AA931}.Debug|Any CPU.Build.0 = Debug|Any CPU
		{38EFBE67-F0C8-4896-A7D0-606F663AA931}.net_2_0_Debug|Any CPU.ActiveCfg = Debug|Any CPU
		{38EFBE67-F0C8-4896-A7D0-606F663AA931}.net_2_0_Debug|Any CPU.Build.0 = Debug|Any CPU
		{38EFBE67-F0C8-4896-A7D0-606F663AA931}.net_2_0_Release|Any CPU.ActiveCfg = Release|Any CPU
		{38EFBE67-F0C8-4896-A7D0-606F663AA931}.net_2_0_Release|Any CPU.Build.0 = Release|Any CPU
		{38EFBE67-F0C8-4896-A7D0-606F663AA931}.net_3_5_Debug|Any CPU.ActiveCfg = Debug|Any CPU
		{38EFBE67-F0C8-4896-A7D0-606F663AA931}.net_3_5_Debug|Any CPU.Build.0 = Debug|Any CPU
		{38EFBE67-F0C8-4896-A7D0-606F663AA931}.net_3_5_Release|Any CPU.ActiveCfg = Release|Any CPU
		{38EFBE67-F0C8-4896-A7D0-606F663AA931}.net_3_5_Release|Any CPU.Build.0 = Release|Any CPU
		{38EFBE67-F0C8-4896-A7D0-606F663AA931}.net_4_0_Debug|Any CPU.ActiveCfg = Debug|Any CPU
		{38EFBE67-F0C8-4896-A7D0-606F663AA931}.net_4_0_Debug|Any CPU.Build.0 = Debug|Any CPU
		{38EFBE67-F0C8-4896-A7D0-606F663AA931}.net_4_0_Release|Any CPU.ActiveCfg = Release|Any CPU
		{38EFBE67-F0C8-4896-A7D0-606F663AA931}.net_4_0_Release|Any CPU.Build.0 = Release|Any CPU
		{38EFBE67-F0C8-4896-A7D0-606F663AA931}.Release|Any CPU.ActiveCfg = Release|Any CPU
		{38EFBE67-F0C8-4896-A7D0-606F663AA931}.Release|Any CPU.Build.0 = Release|Any CPU
		{38EFBE67-F0C8-4896-A7D0-606F663AA931}.silverlight_Debug|Any CPU.ActiveCfg = Debug|Any CPU
		{38EFBE67-F0C8-4896-A7D0-606F663AA931}.silverlight_Debug|Any CPU.Build.0 = Debug|Any CPU
		{38EFBE67-F0C8-4896-A7D0-606F663AA931}.silverlight_Release|Any CPU.ActiveCfg = Release|Any CPU
		{38EFBE67-F0C8-4896-A7D0-606F663AA931}.silverlight_Release|Any CPU.Build.0 = Release|Any CPU
		{38EFBE67-F0C8-4896-A7D0-606F663AA931}.winphone_Debug|Any CPU.ActiveCfg = Debug|Any CPU
		{38EFBE67-F0C8-4896-A7D0-606F663AA931}.winphone_Debug|Any CPU.Build.0 = Debug|Any CPU
		{38EFBE67-F0C8-4896-A7D0-606F663AA931}.winphone_Release|Any CPU.ActiveCfg = Release|Any CPU
		{38EFBE67-F0C8-4896-A7D0-606F663AA931}.winphone_Release|Any CPU.Build.0 = Release|Any CPU
		{0087ED95-38B2-4EE1-A64A-77AF09CA13DE}.Debug|Any CPU.ActiveCfg = Debug|Any CPU
		{0087ED95-38B2-4EE1-A64A-77AF09CA13DE}.Debug|Any CPU.Build.0 = Debug|Any CPU
		{0087ED95-38B2-4EE1-A64A-77AF09CA13DE}.net_2_0_Debug|Any CPU.ActiveCfg = Debug|Any CPU
		{0087ED95-38B2-4EE1-A64A-77AF09CA13DE}.net_2_0_Debug|Any CPU.Build.0 = Debug|Any CPU
		{0087ED95-38B2-4EE1-A64A-77AF09CA13DE}.net_2_0_Release|Any CPU.ActiveCfg = Release|Any CPU
		{0087ED95-38B2-4EE1-A64A-77AF09CA13DE}.net_2_0_Release|Any CPU.Build.0 = Release|Any CPU
		{0087ED95-38B2-4EE1-A64A-77AF09CA13DE}.net_3_5_Debug|Any CPU.ActiveCfg = Debug|Any CPU
		{0087ED95-38B2-4EE1-A64A-77AF09CA13DE}.net_3_5_Debug|Any CPU.Build.0 = Debug|Any CPU
		{0087ED95-38B2-4EE1-A64A-77AF09CA13DE}.net_3_5_Release|Any CPU.ActiveCfg = Release|Any CPU
		{0087ED95-38B2-4EE1-A64A-77AF09CA13DE}.net_3_5_Release|Any CPU.Build.0 = Release|Any CPU
		{0087ED95-38B2-4EE1-A64A-77AF09CA13DE}.net_4_0_Debug|Any CPU.ActiveCfg = Debug|Any CPU
		{0087ED95-38B2-4EE1-A64A-77AF09CA13DE}.net_4_0_Debug|Any CPU.Build.0 = Debug|Any CPU
		{0087ED95-38B2-4EE1-A64A-77AF09CA13DE}.net_4_0_Release|Any CPU.ActiveCfg = Release|Any CPU
		{0087ED95-38B2-4EE1-A64A-77AF09CA13DE}.net_4_0_Release|Any CPU.Build.0 = Release|Any CPU
		{0087ED95-38B2-4EE1-A64A-77AF09CA13DE}.Release|Any CPU.ActiveCfg = Release|Any CPU
		{0087ED95-38B2-4EE1-A64A-77AF09CA13DE}.Release|Any CPU.Build.0 = Release|Any CPU
		{0087ED95-38B2-4EE1-A64A-77AF09CA13DE}.silverlight_Debug|Any CPU.ActiveCfg = Debug|Any CPU
		{0087ED95-38B2-4EE1-A64A-77AF09CA13DE}.silverlight_Debug|Any CPU.Build.0 = Debug|Any CPU
		{0087ED95-38B2-4EE1-A64A-77AF09CA13DE}.silverlight_Release|Any CPU.ActiveCfg = Release|Any CPU
		{0087ED95-38B2-4EE1-A64A-77AF09CA13DE}.silverlight_Release|Any CPU.Build.0 = Release|Any CPU
		{0087ED95-38B2-4EE1-A64A-77AF09CA13DE}.winphone_Debug|Any CPU.ActiveCfg = Debug|Any CPU
		{0087ED95-38B2-4EE1-A64A-77AF09CA13DE}.winphone_Debug|Any CPU.Build.0 = Debug|Any CPU
		{0087ED95-38B2-4EE1-A64A-77AF09CA13DE}.winphone_Release|Any CPU.ActiveCfg = Release|Any CPU
		{0087ED95-38B2-4EE1-A64A-77AF09CA13DE}.winphone_Release|Any CPU.Build.0 = Release|Any CPU
		{C9FCBF26-371B-48C2-AA78-06292EE30B9D}.Debug|Any CPU.ActiveCfg = Debug|Any CPU
		{C9FCBF26-371B-48C2-AA78-06292EE30B9D}.Debug|Any CPU.Build.0 = Debug|Any CPU
		{C9FCBF26-371B-48C2-AA78-06292EE30B9D}.net_2_0_Debug|Any CPU.ActiveCfg = Debug|Any CPU
		{C9FCBF26-371B-48C2-AA78-06292EE30B9D}.net_2_0_Debug|Any CPU.Build.0 = Debug|Any CPU
		{C9FCBF26-371B-48C2-AA78-06292EE30B9D}.net_2_0_Release|Any CPU.ActiveCfg = Release|Any CPU
		{C9FCBF26-371B-48C2-AA78-06292EE30B9D}.net_2_0_Release|Any CPU.Build.0 = Release|Any CPU
		{C9FCBF26-371B-48C2-AA78-06292EE30B9D}.net_3_5_Debug|Any CPU.ActiveCfg = Debug|Any CPU
		{C9FCBF26-371B-48C2-AA78-06292EE30B9D}.net_3_5_Debug|Any CPU.Build.0 = Debug|Any CPU
		{C9FCBF26-371B-48C2-AA78-06292EE30B9D}.net_3_5_Release|Any CPU.ActiveCfg = Release|Any CPU
		{C9FCBF26-371B-48C2-AA78-06292EE30B9D}.net_3_5_Release|Any CPU.Build.0 = Release|Any CPU
		{C9FCBF26-371B-48C2-AA78-06292EE30B9D}.net_4_0_Debug|Any CPU.ActiveCfg = Debug|Any CPU
		{C9FCBF26-371B-48C2-AA78-06292EE30B9D}.net_4_0_Debug|Any CPU.Build.0 = Debug|Any CPU
		{C9FCBF26-371B-48C2-AA78-06292EE30B9D}.net_4_0_Release|Any CPU.ActiveCfg = Release|Any CPU
		{C9FCBF26-371B-48C2-AA78-06292EE30B9D}.net_4_0_Release|Any CPU.Build.0 = Release|Any CPU
		{C9FCBF26-371B-48C2-AA78-06292EE30B9D}.Release|Any CPU.ActiveCfg = Release|Any CPU
		{C9FCBF26-371B-48C2-AA78-06292EE30B9D}.Release|Any CPU.Build.0 = Release|Any CPU
		{C9FCBF26-371B-48C2-AA78-06292EE30B9D}.silverlight_Debug|Any CPU.ActiveCfg = Debug|Any CPU
		{C9FCBF26-371B-48C2-AA78-06292EE30B9D}.silverlight_Debug|Any CPU.Build.0 = Debug|Any CPU
		{C9FCBF26-371B-48C2-AA78-06292EE30B9D}.silverlight_Release|Any CPU.ActiveCfg = Release|Any CPU
		{C9FCBF26-371B-48C2-AA78-06292EE30B9D}.silverlight_Release|Any CPU.Build.0 = Release|Any CPU
		{C9FCBF26-371B-48C2-AA78-06292EE30B9D}.winphone_Debug|Any CPU.ActiveCfg = Debug|Any CPU
		{C9FCBF26-371B-48C2-AA78-06292EE30B9D}.winphone_Debug|Any CPU.Build.0 = Debug|Any CPU
		{C9FCBF26-371B-48C2-AA78-06292EE30B9D}.winphone_Release|Any CPU.ActiveCfg = Release|Any CPU
		{C9FCBF26-371B-48C2-AA78-06292EE30B9D}.winphone_Release|Any CPU.Build.0 = Release|Any CPU
		{ECEB91C0-D028-4B19-8721-2E1B4469267F}.Debug|Any CPU.ActiveCfg = Debug|Any CPU
		{ECEB91C0-D028-4B19-8721-2E1B4469267F}.Debug|Any CPU.Build.0 = Debug|Any CPU
		{ECEB91C0-D028-4B19-8721-2E1B4469267F}.net_2_0_Debug|Any CPU.ActiveCfg = Debug|Any CPU
		{ECEB91C0-D028-4B19-8721-2E1B4469267F}.net_2_0_Debug|Any CPU.Build.0 = Debug|Any CPU
		{ECEB91C0-D028-4B19-8721-2E1B4469267F}.net_2_0_Release|Any CPU.ActiveCfg = Release|Any CPU
		{ECEB91C0-D028-4B19-8721-2E1B4469267F}.net_2_0_Release|Any CPU.Build.0 = Release|Any CPU
		{ECEB91C0-D028-4B19-8721-2E1B4469267F}.net_3_5_Debug|Any CPU.ActiveCfg = Debug|Any CPU
		{ECEB91C0-D028-4B19-8721-2E1B4469267F}.net_3_5_Debug|Any CPU.Build.0 = Debug|Any CPU
		{ECEB91C0-D028-4B19-8721-2E1B4469267F}.net_3_5_Release|Any CPU.ActiveCfg = Release|Any CPU
		{ECEB91C0-D028-4B19-8721-2E1B4469267F}.net_3_5_Release|Any CPU.Build.0 = Release|Any CPU
		{ECEB91C0-D028-4B19-8721-2E1B4469267F}.net_4_0_Debug|Any CPU.ActiveCfg = Debug|Any CPU
		{ECEB91C0-D028-4B19-8721-2E1B4469267F}.net_4_0_Debug|Any CPU.Build.0 = Debug|Any CPU
		{ECEB91C0-D028-4B19-8721-2E1B4469267F}.net_4_0_Release|Any CPU.ActiveCfg = Release|Any CPU
		{ECEB91C0-D028-4B19-8721-2E1B4469267F}.net_4_0_Release|Any CPU.Build.0 = Release|Any CPU
		{ECEB91C0-D028-4B19-8721-2E1B4469267F}.Release|Any CPU.ActiveCfg = Release|Any CPU
		{ECEB91C0-D028-4B19-8721-2E1B4469267F}.Release|Any CPU.Build.0 = Release|Any CPU
		{ECEB91C0-D028-4B19-8721-2E1B4469267F}.silverlight_Debug|Any CPU.ActiveCfg = Debug|Any CPU
		{ECEB91C0-D028-4B19-8721-2E1B4469267F}.silverlight_Debug|Any CPU.Build.0 = Debug|Any CPU
		{ECEB91C0-D028-4B19-8721-2E1B4469267F}.silverlight_Release|Any CPU.ActiveCfg = Release|Any CPU
		{ECEB91C0-D028-4B19-8721-2E1B4469267F}.silverlight_Release|Any CPU.Build.0 = Release|Any CPU
		{ECEB91C0-D028-4B19-8721-2E1B4469267F}.winphone_Debug|Any CPU.ActiveCfg = Debug|Any CPU
		{ECEB91C0-D028-4B19-8721-2E1B4469267F}.winphone_Debug|Any CPU.Build.0 = Debug|Any CPU
		{ECEB91C0-D028-4B19-8721-2E1B4469267F}.winphone_Release|Any CPU.ActiveCfg = Release|Any CPU
		{ECEB91C0-D028-4B19-8721-2E1B4469267F}.winphone_Release|Any CPU.Build.0 = Release|Any CPU
		{3F156BFA-610E-4061-BC31-25178B14D499}.Debug|Any CPU.ActiveCfg = Debug|Any CPU
		{3F156BFA-610E-4061-BC31-25178B14D499}.Debug|Any CPU.Build.0 = Debug|Any CPU
		{3F156BFA-610E-4061-BC31-25178B14D499}.net_2_0_Debug|Any CPU.ActiveCfg = Debug|Any CPU
		{3F156BFA-610E-4061-BC31-25178B14D499}.net_2_0_Debug|Any CPU.Build.0 = Debug|Any CPU
		{3F156BFA-610E-4061-BC31-25178B14D499}.net_2_0_Release|Any CPU.ActiveCfg = Release|Any CPU
		{3F156BFA-610E-4061-BC31-25178B14D499}.net_2_0_Release|Any CPU.Build.0 = Release|Any CPU
		{3F156BFA-610E-4061-BC31-25178B14D499}.net_3_5_Debug|Any CPU.ActiveCfg = Debug|Any CPU
		{3F156BFA-610E-4061-BC31-25178B14D499}.net_3_5_Debug|Any CPU.Build.0 = Debug|Any CPU
		{3F156BFA-610E-4061-BC31-25178B14D499}.net_3_5_Release|Any CPU.ActiveCfg = Release|Any CPU
		{3F156BFA-610E-4061-BC31-25178B14D499}.net_3_5_Release|Any CPU.Build.0 = Release|Any CPU
		{3F156BFA-610E-4061-BC31-25178B14D499}.net_4_0_Debug|Any CPU.ActiveCfg = Debug|Any CPU
		{3F156BFA-610E-4061-BC31-25178B14D499}.net_4_0_Debug|Any CPU.Build.0 = Debug|Any CPU
		{3F156BFA-610E-4061-BC31-25178B14D499}.net_4_0_Release|Any CPU.ActiveCfg = Release|Any CPU
		{3F156BFA-610E-4061-BC31-25178B14D499}.net_4_0_Release|Any CPU.Build.0 = Release|Any CPU
		{3F156BFA-610E-4061-BC31-25178B14D499}.Release|Any CPU.ActiveCfg = Release|Any CPU
		{3F156BFA-610E-4061-BC31-25178B14D499}.Release|Any CPU.Build.0 = Release|Any CPU
		{3F156BFA-610E-4061-BC31-25178B14D499}.silverlight_Debug|Any CPU.ActiveCfg = Debug|Any CPU
		{3F156BFA-610E-4061-BC31-25178B14D499}.silverlight_Debug|Any CPU.Build.0 = Debug|Any CPU
		{3F156BFA-610E-4061-BC31-25178B14D499}.silverlight_Release|Any CPU.ActiveCfg = Release|Any CPU
		{3F156BFA-610E-4061-BC31-25178B14D499}.silverlight_Release|Any CPU.Build.0 = Release|Any CPU
		{3F156BFA-610E-4061-BC31-25178B14D499}.winphone_Debug|Any CPU.ActiveCfg = Debug|Any CPU
		{3F156BFA-610E-4061-BC31-25178B14D499}.winphone_Debug|Any CPU.Build.0 = Debug|Any CPU
		{3F156BFA-610E-4061-BC31-25178B14D499}.winphone_Release|Any CPU.ActiveCfg = Release|Any CPU
		{3F156BFA-610E-4061-BC31-25178B14D499}.winphone_Release|Any CPU.Build.0 = Release|Any CPU
		{063F10F2-55BB-40AA-91BA-7D967EAF6795}.Debug|Any CPU.ActiveCfg = Debug|Any CPU
		{063F10F2-55BB-40AA-91BA-7D967EAF6795}.Debug|Any CPU.Build.0 = Debug|Any CPU
		{063F10F2-55BB-40AA-91BA-7D967EAF6795}.net_2_0_Debug|Any CPU.ActiveCfg = Debug|Any CPU
		{063F10F2-55BB-40AA-91BA-7D967EAF6795}.net_2_0_Debug|Any CPU.Build.0 = Debug|Any CPU
		{063F10F2-55BB-40AA-91BA-7D967EAF6795}.net_2_0_Release|Any CPU.ActiveCfg = Release|Any CPU
		{063F10F2-55BB-40AA-91BA-7D967EAF6795}.net_2_0_Release|Any CPU.Build.0 = Release|Any CPU
		{063F10F2-55BB-40AA-91BA-7D967EAF6795}.net_3_5_Debug|Any CPU.ActiveCfg = Debug|Any CPU
		{063F10F2-55BB-40AA-91BA-7D967EAF6795}.net_3_5_Debug|Any CPU.Build.0 = Debug|Any CPU
		{063F10F2-55BB-40AA-91BA-7D967EAF6795}.net_3_5_Release|Any CPU.ActiveCfg = Release|Any CPU
		{063F10F2-55BB-40AA-91BA-7D967EAF6795}.net_3_5_Release|Any CPU.Build.0 = Release|Any CPU
		{063F10F2-55BB-40AA-91BA-7D967EAF6795}.net_4_0_Debug|Any CPU.ActiveCfg = Debug|Any CPU
		{063F10F2-55BB-40AA-91BA-7D967EAF6795}.net_4_0_Debug|Any CPU.Build.0 = Debug|Any CPU
		{063F10F2-55BB-40AA-91BA-7D967EAF6795}.net_4_0_Release|Any CPU.ActiveCfg = Release|Any CPU
		{063F10F2-55BB-40AA-91BA-7D967EAF6795}.net_4_0_Release|Any CPU.Build.0 = Release|Any CPU
		{063F10F2-55BB-40AA-91BA-7D967EAF6795}.Release|Any CPU.ActiveCfg = Release|Any CPU
		{063F10F2-55BB-40AA-91BA-7D967EAF6795}.Release|Any CPU.Build.0 = Release|Any CPU
		{063F10F2-55BB-40AA-91BA-7D967EAF6795}.silverlight_Debug|Any CPU.ActiveCfg = Debug|Any CPU
		{063F10F2-55BB-40AA-91BA-7D967EAF6795}.silverlight_Debug|Any CPU.Build.0 = Debug|Any CPU
		{063F10F2-55BB-40AA-91BA-7D967EAF6795}.silverlight_Release|Any CPU.ActiveCfg = Release|Any CPU
		{063F10F2-55BB-40AA-91BA-7D967EAF6795}.silverlight_Release|Any CPU.Build.0 = Release|Any CPU
		{063F10F2-55BB-40AA-91BA-7D967EAF6795}.winphone_Debug|Any CPU.ActiveCfg = Debug|Any CPU
		{063F10F2-55BB-40AA-91BA-7D967EAF6795}.winphone_Debug|Any CPU.Build.0 = Debug|Any CPU
		{063F10F2-55BB-40AA-91BA-7D967EAF6795}.winphone_Release|Any CPU.ActiveCfg = Release|Any CPU
		{063F10F2-55BB-40AA-91BA-7D967EAF6795}.winphone_Release|Any CPU.Build.0 = Release|Any CPU
		{4FD02115-851C-400E-B9C8-486C38C65E1C}.Debug|Any CPU.ActiveCfg = Debug|Any CPU
		{4FD02115-851C-400E-B9C8-486C38C65E1C}.Debug|Any CPU.Build.0 = Debug|Any CPU
		{4FD02115-851C-400E-B9C8-486C38C65E1C}.net_2_0_Debug|Any CPU.ActiveCfg = Debug|Any CPU
		{4FD02115-851C-400E-B9C8-486C38C65E1C}.net_2_0_Debug|Any CPU.Build.0 = Debug|Any CPU
		{4FD02115-851C-400E-B9C8-486C38C65E1C}.net_2_0_Release|Any CPU.ActiveCfg = Release|Any CPU
		{4FD02115-851C-400E-B9C8-486C38C65E1C}.net_2_0_Release|Any CPU.Build.0 = Release|Any CPU
		{4FD02115-851C-400E-B9C8-486C38C65E1C}.net_3_5_Debug|Any CPU.ActiveCfg = Debug|Any CPU
		{4FD02115-851C-400E-B9C8-486C38C65E1C}.net_3_5_Debug|Any CPU.Build.0 = Debug|Any CPU
		{4FD02115-851C-400E-B9C8-486C38C65E1C}.net_3_5_Release|Any CPU.ActiveCfg = Release|Any CPU
		{4FD02115-851C-400E-B9C8-486C38C65E1C}.net_3_5_Release|Any CPU.Build.0 = Release|Any CPU
		{4FD02115-851C-400E-B9C8-486C38C65E1C}.net_4_0_Debug|Any CPU.ActiveCfg = Debug|Any CPU
		{4FD02115-851C-400E-B9C8-486C38C65E1C}.net_4_0_Debug|Any CPU.Build.0 = Debug|Any CPU
		{4FD02115-851C-400E-B9C8-486C38C65E1C}.net_4_0_Release|Any CPU.ActiveCfg = Release|Any CPU
		{4FD02115-851C-400E-B9C8-486C38C65E1C}.net_4_0_Release|Any CPU.Build.0 = Release|Any CPU
		{4FD02115-851C-400E-B9C8-486C38C65E1C}.Release|Any CPU.ActiveCfg = Release|Any CPU
		{4FD02115-851C-400E-B9C8-486C38C65E1C}.Release|Any CPU.Build.0 = Release|Any CPU
		{4FD02115-851C-400E-B9C8-486C38C65E1C}.silverlight_Debug|Any CPU.ActiveCfg = Debug|Any CPU
		{4FD02115-851C-400E-B9C8-486C38C65E1C}.silverlight_Debug|Any CPU.Build.0 = Debug|Any CPU
		{4FD02115-851C-400E-B9C8-486C38C65E1C}.silverlight_Release|Any CPU.ActiveCfg = Release|Any CPU
		{4FD02115-851C-400E-B9C8-486C38C65E1C}.silverlight_Release|Any CPU.Build.0 = Release|Any CPU
		{4FD02115-851C-400E-B9C8-486C38C65E1C}.winphone_Debug|Any CPU.ActiveCfg = Debug|Any CPU
		{4FD02115-851C-400E-B9C8-486C38C65E1C}.winphone_Debug|Any CPU.Build.0 = Debug|Any CPU
		{4FD02115-851C-400E-B9C8-486C38C65E1C}.winphone_Release|Any CPU.ActiveCfg = Release|Any CPU
		{4FD02115-851C-400E-B9C8-486C38C65E1C}.winphone_Release|Any CPU.Build.0 = Release|Any CPU
		{C4A7EF2D-3026-4B1E-BC8B-E08783A18341}.Debug|Any CPU.ActiveCfg = Debug|Any CPU
		{C4A7EF2D-3026-4B1E-BC8B-E08783A18341}.Debug|Any CPU.Build.0 = Debug|Any CPU
		{C4A7EF2D-3026-4B1E-BC8B-E08783A18341}.net_2_0_Debug|Any CPU.ActiveCfg = Debug|Any CPU
		{C4A7EF2D-3026-4B1E-BC8B-E08783A18341}.net_2_0_Debug|Any CPU.Build.0 = Debug|Any CPU
		{C4A7EF2D-3026-4B1E-BC8B-E08783A18341}.net_2_0_Release|Any CPU.ActiveCfg = Release|Any CPU
		{C4A7EF2D-3026-4B1E-BC8B-E08783A18341}.net_2_0_Release|Any CPU.Build.0 = Release|Any CPU
		{C4A7EF2D-3026-4B1E-BC8B-E08783A18341}.net_3_5_Debug|Any CPU.ActiveCfg = Debug|Any CPU
		{C4A7EF2D-3026-4B1E-BC8B-E08783A18341}.net_3_5_Debug|Any CPU.Build.0 = Debug|Any CPU
		{C4A7EF2D-3026-4B1E-BC8B-E08783A18341}.net_3_5_Release|Any CPU.ActiveCfg = Release|Any CPU
		{C4A7EF2D-3026-4B1E-BC8B-E08783A18341}.net_3_5_Release|Any CPU.Build.0 = Release|Any CPU
		{C4A7EF2D-3026-4B1E-BC8B-E08783A18341}.net_4_0_Debug|Any CPU.ActiveCfg = Debug|Any CPU
		{C4A7EF2D-3026-4B1E-BC8B-E08783A18341}.net_4_0_Debug|Any CPU.Build.0 = Debug|Any CPU
		{C4A7EF2D-3026-4B1E-BC8B-E08783A18341}.net_4_0_Release|Any CPU.ActiveCfg = Release|Any CPU
		{C4A7EF2D-3026-4B1E-BC8B-E08783A18341}.net_4_0_Release|Any CPU.Build.0 = Release|Any CPU
		{C4A7EF2D-3026-4B1E-BC8B-E08783A18341}.Release|Any CPU.ActiveCfg = Release|Any CPU
		{C4A7EF2D-3026-4B1E-BC8B-E08783A18341}.Release|Any CPU.Build.0 = Release|Any CPU
		{C4A7EF2D-3026-4B1E-BC8B-E08783A18341}.silverlight_Debug|Any CPU.ActiveCfg = Debug|Any CPU
		{C4A7EF2D-3026-4B1E-BC8B-E08783A18341}.silverlight_Debug|Any CPU.Build.0 = Debug|Any CPU
		{C4A7EF2D-3026-4B1E-BC8B-E08783A18341}.silverlight_Release|Any CPU.ActiveCfg = Release|Any CPU
		{C4A7EF2D-3026-4B1E-BC8B-E08783A18341}.silverlight_Release|Any CPU.Build.0 = Release|Any CPU
		{C4A7EF2D-3026-4B1E-BC8B-E08783A18341}.winphone_Debug|Any CPU.ActiveCfg = Debug|Any CPU
		{C4A7EF2D-3026-4B1E-BC8B-E08783A18341}.winphone_Debug|Any CPU.Build.0 = Debug|Any CPU
		{C4A7EF2D-3026-4B1E-BC8B-E08783A18341}.winphone_Release|Any CPU.ActiveCfg = Release|Any CPU
		{C4A7EF2D-3026-4B1E-BC8B-E08783A18341}.winphone_Release|Any CPU.Build.0 = Release|Any CPU
	EndGlobalSection
	GlobalSection(SolutionProperties) = preSolution
		HideSolutionNode = FALSE
	EndGlobalSection
	GlobalSection(NestedProjects) = preSolution
		{8EEDD760-5EB7-4A13-9561-4DD0302B6CEA} = {ADEFD822-62DB-4057-8571-B28BAB1F0F92}
		{36DFB4AA-4478-47F7-B30E-AF89CA20D3F7} = {ADEFD822-62DB-4057-8571-B28BAB1F0F92}
		{0087ED95-38B2-4EE1-A64A-77AF09CA13DE} = {ADEFD822-62DB-4057-8571-B28BAB1F0F92}
		{ECEB91C0-D028-4B19-8721-2E1B4469267F} = {ADEFD822-62DB-4057-8571-B28BAB1F0F92}
		{3F156BFA-610E-4061-BC31-25178B14D499} = {965EFEDB-CC98-4644-ADD6-9EBB5F072CEB}
		{063F10F2-55BB-40AA-91BA-7D967EAF6795} = {965EFEDB-CC98-4644-ADD6-9EBB5F072CEB}
		{C4A7EF2D-3026-4B1E-BC8B-E08783A18341} = {ADEFD822-62DB-4057-8571-B28BAB1F0F92}
	EndGlobalSection
EndGlobal
