
Microsoft Visual Studio Solution File, Format Version 12.00
# Visual Studio 2012
Project("{FAE04EC0-301F-11D3-BF4B-00C04F79EFBC}") = "Yodii.Model", "Yodii.Model\Yodii.Model.csproj", "{DB68716F-9883-433A-928D-AA597D377C9C}"
EndProject
Project("{FAE04EC0-301F-11D3-BF4B-00C04F79EFBC}") = "Yodii.Engine", "Yodii.Engine\Yodii.Engine.csproj", "{A11642D8-CDA7-4044-AD8A-03ED61A71BC3}"
EndProject
Project("{FAE04EC0-301F-11D3-BF4B-00C04F79EFBC}") = "Yodii.Engine.Tests", "Yodii.Engine.Tests\Yodii.Engine.Tests.csproj", "{8EEDD760-5EB7-4A13-9561-4DD0302B6CEA}"
EndProject
Global
	GlobalSection(SolutionConfigurationPlatforms) = preSolution
		Debug|Any CPU = Debug|Any CPU
		Release|Any CPU = Release|Any CPU
	EndGlobalSection
	GlobalSection(ProjectConfigurationPlatforms) = postSolution
		{DB68716F-9883-433A-928D-AA597D377C9C}.Debug|Any CPU.ActiveCfg = Debug|Any CPU
		{DB68716F-9883-433A-928D-AA597D377C9C}.Debug|Any CPU.Build.0 = Debug|Any CPU
		{DB68716F-9883-433A-928D-AA597D377C9C}.Release|Any CPU.ActiveCfg = Release|Any CPU
		{DB68716F-9883-433A-928D-AA597D377C9C}.Release|Any CPU.Build.0 = Release|Any CPU
		{A11642D8-CDA7-4044-AD8A-03ED61A71BC3}.Debug|Any CPU.ActiveCfg = Debug|Any CPU
		{A11642D8-CDA7-4044-AD8A-03ED61A71BC3}.Debug|Any CPU.Build.0 = Debug|Any CPU
		{A11642D8-CDA7-4044-AD8A-03ED61A71BC3}.Release|Any CPU.ActiveCfg = Release|Any CPU
		{A11642D8-CDA7-4044-AD8A-03ED61A71BC3}.Release|Any CPU.Build.0 = Release|Any CPU
		{8EEDD760-5EB7-4A13-9561-4DD0302B6CEA}.Debug|Any CPU.ActiveCfg = Debug|Any CPU
		{8EEDD760-5EB7-4A13-9561-4DD0302B6CEA}.Debug|Any CPU.Build.0 = Debug|Any CPU
		{8EEDD760-5EB7-4A13-9561-4DD0302B6CEA}.Release|Any CPU.ActiveCfg = Release|Any CPU
		{8EEDD760-5EB7-4A13-9561-4DD0302B6CEA}.Release|Any CPU.Build.0 = Release|Any CPU
	EndGlobalSection
	GlobalSection(SolutionProperties) = preSolution
		HideSolutionNode = FALSE
	EndGlobalSection
EndGlobal
